
Microsoft Visual Studio Solution File, Format Version 12.00
# Visual Studio Version 16
VisualStudioVersion = 16.0.30114.105
MinimumVisualStudioVersion = 10.0.40219.1
Project("{FAE04EC0-301F-11D3-BF4B-00C04F79EFBC}") = "Core", "Core\Core.csproj", "{DE63D074-26AC-48C4-AC26-64D83010E863}"
EndProject
Project("{2150E333-8FDC-42A3-9474-1A3956D46DE8}") = "Presentation", "Presentation", "{FE9527A8-FD98-4F19-A1DA-6B7694B45FC3}"
EndProject
Project("{FAE04EC0-301F-11D3-BF4B-00C04F79EFBC}") = "console", "Presentation\Console\console.csproj", "{BFC09429-08CF-47E2-9907-CBDBFBD62BF2}"
EndProject
Global
	GlobalSection(SolutionConfigurationPlatforms) = preSolution
		Debug|Any CPU = Debug|Any CPU
		Release|Any CPU = Release|Any CPU
	EndGlobalSection
	GlobalSection(SolutionProperties) = preSolution
		HideSolutionNode = FALSE
	EndGlobalSection
	GlobalSection(ProjectConfigurationPlatforms) = postSolution
		{DE63D074-26AC-48C4-AC26-64D83010E863}.Debug|Any CPU.ActiveCfg = Debug|Any CPU
		{DE63D074-26AC-48C4-AC26-64D83010E863}.Debug|Any CPU.Build.0 = Debug|Any CPU
		{DE63D074-26AC-48C4-AC26-64D83010E863}.Release|Any CPU.ActiveCfg = Release|Any CPU
		{DE63D074-26AC-48C4-AC26-64D83010E863}.Release|Any CPU.Build.0 = Release|Any CPU
		{BFC09429-08CF-47E2-9907-CBDBFBD62BF2}.Debug|Any CPU.ActiveCfg = Debug|Any CPU
		{BFC09429-08CF-47E2-9907-CBDBFBD62BF2}.Debug|Any CPU.Build.0 = Debug|Any CPU
		{BFC09429-08CF-47E2-9907-CBDBFBD62BF2}.Release|Any CPU.ActiveCfg = Release|Any CPU
		{BFC09429-08CF-47E2-9907-CBDBFBD62BF2}.Release|Any CPU.Build.0 = Release|Any CPU
	EndGlobalSection
	GlobalSection(NestedProjects) = preSolution
		{BFC09429-08CF-47E2-9907-CBDBFBD62BF2} = {FE9527A8-FD98-4F19-A1DA-6B7694B45FC3}
	EndGlobalSection
EndGlobal
